
Microsoft Visual Studio Solution File, Format Version 12.00
# Visual Studio Version 16
VisualStudioVersion = 16.0.28922.388
MinimumVisualStudioVersion = 10.0.40219.1
Project("{FAE04EC0-301F-11D3-BF4B-00C04F79EFBC}") = "PhanTan", "PhanTan\PhanTan.csproj", "{E6EF160F-C0A6-4F37-A13D-1C424985EBE8}"
EndProject
Global
	GlobalSection(SolutionConfigurationPlatforms) = preSolution
		Debug|Any CPU = Debug|Any CPU
		Release|Any CPU = Release|Any CPU
	EndGlobalSection
	GlobalSection(ProjectConfigurationPlatforms) = postSolution
		{E6EF160F-C0A6-4F37-A13D-1C424985EBE8}.Debug|Any CPU.ActiveCfg = Debug|Any CPU
		{E6EF160F-C0A6-4F37-A13D-1C424985EBE8}.Debug|Any CPU.Build.0 = Debug|Any CPU
		{E6EF160F-C0A6-4F37-A13D-1C424985EBE8}.Release|Any CPU.ActiveCfg = Release|Any CPU
		{E6EF160F-C0A6-4F37-A13D-1C424985EBE8}.Release|Any CPU.Build.0 = Release|Any CPU
	EndGlobalSection
	GlobalSection(SolutionProperties) = preSolution
		HideSolutionNode = FALSE
	EndGlobalSection
	GlobalSection(ExtensibilityGlobals) = postSolution
		SolutionGuid = {700C482F-C90C-450C-BDFD-7BFE46A41BD0}
	EndGlobalSection
EndGlobal
